// !$*UTF8*$!
{
	archiveVersion = 1;
	classes = {
	};
	objectVersion = 46;
	objects = {

/* Begin PBXBuildFile section */
		320E25511B7BC57600E0F9E3 /* AppDelegate.swift in Sources */ = {isa = PBXBuildFile; fileRef = 320E25501B7BC57600E0F9E3 /* AppDelegate.swift */; };
		320E25531B7BC57600E0F9E3 /* ViewController.swift in Sources */ = {isa = PBXBuildFile; fileRef = 320E25521B7BC57600E0F9E3 /* ViewController.swift */; };
		320E25561B7BC57600E0F9E3 /* Main.storyboard in Resources */ = {isa = PBXBuildFile; fileRef = 320E25541B7BC57600E0F9E3 /* Main.storyboard */; };
		320E25581B7BC57600E0F9E3 /* Images.xcassets in Resources */ = {isa = PBXBuildFile; fileRef = 320E25571B7BC57600E0F9E3 /* Images.xcassets */; };
		320E255B1B7BC57600E0F9E3 /* LaunchScreen.xib in Resources */ = {isa = PBXBuildFile; fileRef = 320E25591B7BC57600E0F9E3 /* LaunchScreen.xib */; };
		320E25671B7BC57600E0F9E3 /* SlideNaviViewTests.swift in Sources */ = {isa = PBXBuildFile; fileRef = 320E25661B7BC57600E0F9E3 /* SlideNaviViewTests.swift */; };
		320E25711B7BC58F00E0F9E3 /* HorizonalSlidView.swift in Sources */ = {isa = PBXBuildFile; fileRef = 320E25701B7BC58F00E0F9E3 /* HorizonalSlidView.swift */; };
		320E25731B7BC59600E0F9E3 /* MainSlidView.swift in Sources */ = {isa = PBXBuildFile; fileRef = 320E25721B7BC59600E0F9E3 /* MainSlidView.swift */; };
		32FD86A91B7C2B9E008245E5 /* SlideNaviView.swift in Sources */ = {isa = PBXBuildFile; fileRef = 32FD86A81B7C2B9E008245E5 /* SlideNaviView.swift */; };
/* End PBXBuildFile section */

/* Begin PBXContainerItemProxy section */
		320E25611B7BC57600E0F9E3 /* PBXContainerItemProxy */ = {
			isa = PBXContainerItemProxy;
			containerPortal = 320E25431B7BC57500E0F9E3 /* Project object */;
			proxyType = 1;
			remoteGlobalIDString = 320E254A1B7BC57500E0F9E3;
			remoteInfo = SlideNaviView;
		};
/* End PBXContainerItemProxy section */

/* Begin PBXFileReference section */
		320E254B1B7BC57600E0F9E3 /* SlideNaviView.app */ = {isa = PBXFileReference; explicitFileType = wrapper.application; includeInIndex = 0; path = SlideNaviView.app; sourceTree = BUILT_PRODUCTS_DIR; };
		320E254F1B7BC57600E0F9E3 /* Info.plist */ = {isa = PBXFileReference; lastKnownFileType = text.plist.xml; path = Info.plist; sourceTree = "<group>"; };
		320E25501B7BC57600E0F9E3 /* AppDelegate.swift */ = {isa = PBXFileReference; lastKnownFileType = sourcecode.swift; path = AppDelegate.swift; sourceTree = "<group>"; };
		320E25521B7BC57600E0F9E3 /* ViewController.swift */ = {isa = PBXFileReference; lastKnownFileType = sourcecode.swift; path = ViewController.swift; sourceTree = "<group>"; };
		320E25551B7BC57600E0F9E3 /* Base */ = {isa = PBXFileReference; lastKnownFileType = file.storyboard; name = Base; path = Base.lproj/Main.storyboard; sourceTree = "<group>"; };
		320E25571B7BC57600E0F9E3 /* Images.xcassets */ = {isa = PBXFileReference; lastKnownFileType = folder.assetcatalog; path = Images.xcassets; sourceTree = "<group>"; };
		320E255A1B7BC57600E0F9E3 /* Base */ = {isa = PBXFileReference; lastKnownFileType = file.xib; name = Base; path = Base.lproj/LaunchScreen.xib; sourceTree = "<group>"; };
		320E25601B7BC57600E0F9E3 /* SlideNaviViewTests.xctest */ = {isa = PBXFileReference; explicitFileType = wrapper.cfbundle; includeInIndex = 0; path = SlideNaviViewTests.xctest; sourceTree = BUILT_PRODUCTS_DIR; };
		320E25651B7BC57600E0F9E3 /* Info.plist */ = {isa = PBXFileReference; lastKnownFileType = text.plist.xml; path = Info.plist; sourceTree = "<group>"; };
		320E25661B7BC57600E0F9E3 /* SlideNaviViewTests.swift */ = {isa = PBXFileReference; lastKnownFileType = sourcecode.swift; path = SlideNaviViewTests.swift; sourceTree = "<group>"; };
		320E25701B7BC58F00E0F9E3 /* HorizonalSlidView.swift */ = {isa = PBXFileReference; fileEncoding = 4; lastKnownFileType = sourcecode.swift; path = HorizonalSlidView.swift; sourceTree = "<group>"; };
		320E25721B7BC59600E0F9E3 /* MainSlidView.swift */ = {isa = PBXFileReference; fileEncoding = 4; lastKnownFileType = sourcecode.swift; path = MainSlidView.swift; sourceTree = "<group>"; };
		32FD86A81B7C2B9E008245E5 /* SlideNaviView.swift */ = {isa = PBXFileReference; fileEncoding = 4; lastKnownFileType = sourcecode.swift; path = SlideNaviView.swift; sourceTree = "<group>"; };
/* End PBXFileReference section */

/* Begin PBXFrameworksBuildPhase section */
		320E25481B7BC57500E0F9E3 /* Frameworks */ = {
			isa = PBXFrameworksBuildPhase;
			buildActionMask = 2147483647;
			files = (
			);
			runOnlyForDeploymentPostprocessing = 0;
		};
		320E255D1B7BC57600E0F9E3 /* Frameworks */ = {
			isa = PBXFrameworksBuildPhase;
			buildActionMask = 2147483647;
			files = (
			);
			runOnlyForDeploymentPostprocessing = 0;
		};
/* End PBXFrameworksBuildPhase section */

/* Begin PBXGroup section */
		320E25421B7BC57500E0F9E3 = {
			isa = PBXGroup;
			children = (
				320E254D1B7BC57600E0F9E3 /* SlideNaviView */,
				320E25631B7BC57600E0F9E3 /* SlideNaviViewTests */,
				320E254C1B7BC57600E0F9E3 /* Products */,
			);
			sourceTree = "<group>";
		};
		320E254C1B7BC57600E0F9E3 /* Products */ = {
			isa = PBXGroup;
			children = (
				320E254B1B7BC57600E0F9E3 /* SlideNaviView.app */,
				320E25601B7BC57600E0F9E3 /* SlideNaviViewTests.xctest */,
			);
			name = Products;
			sourceTree = "<group>";
		};
		320E254D1B7BC57600E0F9E3 /* SlideNaviView */ = {
			isa = PBXGroup;
			children = (
				320E25501B7BC57600E0F9E3 /* AppDelegate.swift */,
				32ABFF1D1B7DB3570032EF94 /* SlideNaviView */,
				320E25521B7BC57600E0F9E3 /* ViewController.swift */,
				320E25541B7BC57600E0F9E3 /* Main.storyboard */,
				320E25571B7BC57600E0F9E3 /* Images.xcassets */,
				320E25591B7BC57600E0F9E3 /* LaunchScreen.xib */,
				320E254E1B7BC57600E0F9E3 /* Supporting Files */,
			);
			path = SlideNaviView;
			sourceTree = "<group>";
		};
		320E254E1B7BC57600E0F9E3 /* Supporting Files */ = {
			isa = PBXGroup;
			children = (
				320E254F1B7BC57600E0F9E3 /* Info.plist */,
			);
			name = "Supporting Files";
			sourceTree = "<group>";
		};
		320E25631B7BC57600E0F9E3 /* SlideNaviViewTests */ = {
			isa = PBXGroup;
			children = (
				320E25661B7BC57600E0F9E3 /* SlideNaviViewTests.swift */,
				320E25641B7BC57600E0F9E3 /* Supporting Files */,
			);
			path = SlideNaviViewTests;
			sourceTree = "<group>";
		};
		320E25641B7BC57600E0F9E3 /* Supporting Files */ = {
			isa = PBXGroup;
			children = (
				320E25651B7BC57600E0F9E3 /* Info.plist */,
			);
			name = "Supporting Files";
			sourceTree = "<group>";
		};
		32ABFF1D1B7DB3570032EF94 /* SlideNaviView */ = {
			isa = PBXGroup;
			children = (
				32FD86A81B7C2B9E008245E5 /* SlideNaviView.swift */,
				320E25701B7BC58F00E0F9E3 /* HorizonalSlidView.swift */,
				320E25721B7BC59600E0F9E3 /* MainSlidView.swift */,
			);
			name = SlideNaviView;
			sourceTree = "<group>";
		};
/* End PBXGroup section */

/* Begin PBXNativeTarget section */
		320E254A1B7BC57500E0F9E3 /* SlideNaviView */ = {
			isa = PBXNativeTarget;
			buildConfigurationList = 320E256A1B7BC57600E0F9E3 /* Build configuration list for PBXNativeTarget "SlideNaviView" */;
			buildPhases = (
				320E25471B7BC57500E0F9E3 /* Sources */,
				320E25481B7BC57500E0F9E3 /* Frameworks */,
				320E25491B7BC57500E0F9E3 /* Resources */,
			);
			buildRules = (
			);
			dependencies = (
			);
			name = SlideNaviView;
			productName = SlideNaviView;
			productReference = 320E254B1B7BC57600E0F9E3 /* SlideNaviView.app */;
			productType = "com.apple.product-type.application";
		};
		320E255F1B7BC57600E0F9E3 /* SlideNaviViewTests */ = {
			isa = PBXNativeTarget;
			buildConfigurationList = 320E256D1B7BC57600E0F9E3 /* Build configuration list for PBXNativeTarget "SlideNaviViewTests" */;
			buildPhases = (
				320E255C1B7BC57600E0F9E3 /* Sources */,
				320E255D1B7BC57600E0F9E3 /* Frameworks */,
				320E255E1B7BC57600E0F9E3 /* Resources */,
			);
			buildRules = (
			);
			dependencies = (
				320E25621B7BC57600E0F9E3 /* PBXTargetDependency */,
			);
			name = SlideNaviViewTests;
			productName = SlideNaviViewTests;
			productReference = 320E25601B7BC57600E0F9E3 /* SlideNaviViewTests.xctest */;
			productType = "com.apple.product-type.bundle.unit-test";
		};
/* End PBXNativeTarget section */

/* Begin PBXProject section */
		320E25431B7BC57500E0F9E3 /* Project object */ = {
			isa = PBXProject;
			attributes = {
				LastSwiftMigration = 0720;
				LastSwiftUpdateCheck = 0720;
				LastUpgradeCheck = 0640;
				ORGANIZATIONNAME = LiuBingchen;
				TargetAttributes = {
					320E254A1B7BC57500E0F9E3 = {
						CreatedOnToolsVersion = 6.4;
					};
					320E255F1B7BC57600E0F9E3 = {
						CreatedOnToolsVersion = 6.4;
						TestTargetID = 320E254A1B7BC57500E0F9E3;
					};
				};
			};
			buildConfigurationList = 320E25461B7BC57500E0F9E3 /* Build configuration list for PBXProject "SlideNaviView" */;
			compatibilityVersion = "Xcode 3.2";
			developmentRegion = English;
			hasScannedForEncodings = 0;
			knownRegions = (
				en,
				Base,
			);
			mainGroup = 320E25421B7BC57500E0F9E3;
			productRefGroup = 320E254C1B7BC57600E0F9E3 /* Products */;
			projectDirPath = "";
			projectRoot = "";
			targets = (
				320E254A1B7BC57500E0F9E3 /* SlideNaviView */,
				320E255F1B7BC57600E0F9E3 /* SlideNaviViewTests */,
			);
		};
/* End PBXProject section */

/* Begin PBXResourcesBuildPhase section */
		320E25491B7BC57500E0F9E3 /* Resources */ = {
			isa = PBXResourcesBuildPhase;
			buildActionMask = 2147483647;
			files = (
				320E25561B7BC57600E0F9E3 /* Main.storyboard in Resources */,
				320E255B1B7BC57600E0F9E3 /* LaunchScreen.xib in Resources */,
				320E25581B7BC57600E0F9E3 /* Images.xcassets in Resources */,
			);
			runOnlyForDeploymentPostprocessing = 0;
		};
		320E255E1B7BC57600E0F9E3 /* Resources */ = {
			isa = PBXResourcesBuildPhase;
			buildActionMask = 2147483647;
			files = (
			);
			runOnlyForDeploymentPostprocessing = 0;
		};
/* End PBXResourcesBuildPhase section */

/* Begin PBXSourcesBuildPhase section */
		320E25471B7BC57500E0F9E3 /* Sources */ = {
			isa = PBXSourcesBuildPhase;
			buildActionMask = 2147483647;
			files = (
				320E25711B7BC58F00E0F9E3 /* HorizonalSlidView.swift in Sources */,
				32FD86A91B7C2B9E008245E5 /* SlideNaviView.swift in Sources */,
				320E25731B7BC59600E0F9E3 /* MainSlidView.swift in Sources */,
				320E25531B7BC57600E0F9E3 /* ViewController.swift in Sources */,
				320E25511B7BC57600E0F9E3 /* AppDelegate.swift in Sources */,
			);
			runOnlyForDeploymentPostprocessing = 0;
		};
		320E255C1B7BC57600E0F9E3 /* Sources */ = {
			isa = PBXSourcesBuildPhase;
			buildActionMask = 2147483647;
			files = (
				320E25671B7BC57600E0F9E3 /* SlideNaviViewTests.swift in Sources */,
			);
			runOnlyForDeploymentPostprocessing = 0;
		};
/* End PBXSourcesBuildPhase section */

/* Begin PBXTargetDependency section */
		320E25621B7BC57600E0F9E3 /* PBXTargetDependency */ = {
			isa = PBXTargetDependency;
			target = 320E254A1B7BC57500E0F9E3 /* SlideNaviView */;
			targetProxy = 320E25611B7BC57600E0F9E3 /* PBXContainerItemProxy */;
		};
/* End PBXTargetDependency section */

/* Begin PBXVariantGroup section */
		320E25541B7BC57600E0F9E3 /* Main.storyboard */ = {
			isa = PBXVariantGroup;
			children = (
				320E25551B7BC57600E0F9E3 /* Base */,
			);
			name = Main.storyboard;
			sourceTree = "<group>";
		};
		320E25591B7BC57600E0F9E3 /* LaunchScreen.xib */ = {
			isa = PBXVariantGroup;
			children = (
				320E255A1B7BC57600E0F9E3 /* Base */,
			);
			name = LaunchScreen.xib;
			sourceTree = "<group>";
		};
/* End PBXVariantGroup section */

/* Begin XCBuildConfiguration section */
		320E25681B7BC57600E0F9E3 /* Debug */ = {
			isa = XCBuildConfiguration;
			buildSettings = {
				ALWAYS_SEARCH_USER_PATHS = NO;
				CLANG_CXX_LANGUAGE_STANDARD = "gnu++0x";
				CLANG_CXX_LIBRARY = "libc++";
				CLANG_ENABLE_MODULES = YES;
				CLANG_ENABLE_OBJC_ARC = YES;
				CLANG_WARN_BOOL_CONVERSION = YES;
				CLANG_WARN_CONSTANT_CONVERSION = YES;
				CLANG_WARN_DIRECT_OBJC_ISA_USAGE = YES_ERROR;
				CLANG_WARN_EMPTY_BODY = YES;
				CLANG_WARN_ENUM_CONVERSION = YES;
				CLANG_WARN_INT_CONVERSION = YES;
				CLANG_WARN_OBJC_ROOT_CLASS = YES_ERROR;
				CLANG_WARN_UNREACHABLE_CODE = YES;
				CLANG_WARN__DUPLICATE_METHOD_MATCH = YES;
				"CODE_SIGN_IDENTITY[sdk=iphoneos*]" = "iPhone Developer";
				COPY_PHASE_STRIP = NO;
				DEBUG_INFORMATION_FORMAT = "dwarf-with-dsym";
				ENABLE_STRICT_OBJC_MSGSEND = YES;
				GCC_C_LANGUAGE_STANDARD = gnu99;
				GCC_DYNAMIC_NO_PIC = NO;
				GCC_NO_COMMON_BLOCKS = YES;
				GCC_OPTIMIZATION_LEVEL = 0;
				GCC_PREPROCESSOR_DEFINITIONS = (
					"DEBUG=1",
					"$(inherited)",
				);
				GCC_SYMBOLS_PRIVATE_EXTERN = NO;
				GCC_WARN_64_TO_32_BIT_CONVERSION = YES;
				GCC_WARN_ABOUT_RETURN_TYPE = YES_ERROR;
				GCC_WARN_UNDECLARED_SELECTOR = YES;
				GCC_WARN_UNINITIALIZED_AUTOS = YES_AGGRESSIVE;
				GCC_WARN_UNUSED_FUNCTION = YES;
				GCC_WARN_UNUSED_VARIABLE = YES;
				IPHONEOS_DEPLOYMENT_TARGET = 8.4;
				MTL_ENABLE_DEBUG_INFO = YES;
				ONLY_ACTIVE_ARCH = YES;
				SDKROOT = iphoneos;
				SWIFT_OPTIMIZATION_LEVEL = "-Onone";
				TARGETED_DEVICE_FAMILY = "1,2";
			};
			name = Debug;
		};
		320E25691B7BC57600E0F9E3 /* Release */ = {
			isa = XCBuildConfiguration;
			buildSettings = {
				ALWAYS_SEARCH_USER_PATHS = NO;
				CLANG_CXX_LANGUAGE_STANDARD = "gnu++0x";
				CLANG_CXX_LIBRARY = "libc++";
				CLANG_ENABLE_MODULES = YES;
				CLANG_ENABLE_OBJC_ARC = YES;
				CLANG_WARN_BOOL_CONVERSION = YES;
				CLANG_WARN_CONSTANT_CONVERSION = YES;
				CLANG_WARN_DIRECT_OBJC_ISA_USAGE = YES_ERROR;
				CLANG_WARN_EMPTY_BODY = YES;
				CLANG_WARN_ENUM_CONVERSION = YES;
				CLANG_WARN_INT_CONVERSION = YES;
				CLANG_WARN_OBJC_ROOT_CLASS = YES_ERROR;
				CLANG_WARN_UNREACHABLE_CODE = YES;
				CLANG_WARN__DUPLICATE_METHOD_MATCH = YES;
				"CODE_SIGN_IDENTITY[sdk=iphoneos*]" = "iPhone Developer";
				COPY_PHASE_STRIP = NO;
				DEBUG_INFORMATION_FORMAT = "dwarf-with-dsym";
				ENABLE_NS_ASSERTIONS = NO;
				ENABLE_STRICT_OBJC_MSGSEND = YES;
				GCC_C_LANGUAGE_STANDARD = gnu99;
				GCC_NO_COMMON_BLOCKS = YES;
				GCC_WARN_64_TO_32_BIT_CONVERSION = YES;
				GCC_WARN_ABOUT_RETURN_TYPE = YES_ERROR;
				GCC_WARN_UNDECLARED_SELECTOR = YES;
				GCC_WARN_UNINITIALIZED_AUTOS = YES_AGGRESSIVE;
				GCC_WARN_UNUSED_FUNCTION = YES;
				GCC_WARN_UNUSED_VARIABLE = YES;
				IPHONEOS_DEPLOYMENT_TARGET = 8.4;
				MTL_ENABLE_DEBUG_INFO = NO;
				SDKROOT = iphoneos;
				TARGETED_DEVICE_FAMILY = "1,2";
				VALIDATE_PRODUCT = YES;
			};
			name = Release;
		};
		320E256B1B7BC57600E0F9E3 /* Debug */ = {
			isa = XCBuildConfiguration;
			buildSettings = {
				ASSETCATALOG_COMPILER_APPICON_NAME = AppIcon;
				INFOPLIST_FILE = SlideNaviView/Info.plist;
				LD_RUNPATH_SEARCH_PATHS = "$(inherited) @executable_path/Frameworks";
				PRODUCT_NAME = "$(TARGET_NAME)";
			};
			name = Debug;
		};
		320E256C1B7BC57600E0F9E3 /* Release */ = {
			isa = XCBuildConfiguration;
			buildSettings = {
				ASSETCATALOG_COMPILER_APPICON_NAME = AppIcon;
				INFOPLIST_FILE = SlideNaviView/Info.plist;
				LD_RUNPATH_SEARCH_PATHS = "$(inherited) @executable_path/Frameworks";
				PRODUCT_NAME = "$(TARGET_NAME)";
			};
			name = Release;
		};
		320E256E1B7BC57600E0F9E3 /* Debug */ = {
			isa = XCBuildConfiguration;
			buildSettings = {
				BUNDLE_LOADER = "$(TEST_HOST)";
				FRAMEWORK_SEARCH_PATHS = (
					"$(SDKROOT)/Developer/Library/Frameworks",
					"$(inherited)",
				);
				GCC_PREPROCESSOR_DEFINITIONS = (
					"DEBUG=1",
					"$(inherited)",
				);
				INFOPLIST_FILE = SlideNaviViewTests/Info.plist;
				LD_RUNPATH_SEARCH_PATHS = "$(inherited) @executable_path/Frameworks @loader_path/Frameworks";
				PRODUCT_NAME = "$(TARGET_NAME)";
				TEST_HOST = "$(BUILT_PRODUCTS_DIR)/SlideNaviView.app/SlideNaviView";
			};
			name = Debug;
		};
		320E256F1B7BC57600E0F9E3 /* Release */ = {
			isa = XCBuildConfiguration;
			buildSettings = {
				BUNDLE_LOADER = "$(TEST_HOST)";
				FRAMEWORK_SEARCH_PATHS = (
					"$(SDKROOT)/Developer/Library/Frameworks",
					"$(inherited)",
				);
				INFOPLIST_FILE = SlideNaviViewTests/Info.plist;
				LD_RUNPATH_SEARCH_PATHS = "$(inherited) @executable_path/Frameworks @loader_path/Frameworks";
				PRODUCT_NAME = "$(TARGET_NAME)";
				TEST_HOST = "$(BUILT_PRODUCTS_DIR)/SlideNaviView.app/SlideNaviView";
			};
			name = Release;
		};
/* End XCBuildConfiguration section */

/* Begin XCConfigurationList section */
		320E25461B7BC57500E0F9E3 /* Build configuration list for PBXProject "SlideNaviView" */ = {
			isa = XCConfigurationList;
			buildConfigurations = (
				320E25681B7BC57600E0F9E3 /* Debug */,
				320E25691B7BC57600E0F9E3 /* Release */,
			);
			defaultConfigurationIsVisible = 0;
			defaultConfigurationName = Release;
		};
		320E256A1B7BC57600E0F9E3 /* Build configuration list for PBXNativeTarget "SlideNaviView" */ = {
			isa = XCConfigurationList;
			buildConfigurations = (
				320E256B1B7BC57600E0F9E3 /* Debug */,
				320E256C1B7BC57600E0F9E3 /* Release */,
			);
			defaultConfigurationIsVisible = 0;
			defaultConfigurationName = Release;
		};
		320E256D1B7BC57600E0F9E3 /* Build configuration list for PBXNativeTarget "SlideNaviViewTests" */ = {
			isa = XCConfigurationList;
			buildConfigurations = (
				320E256E1B7BC57600E0F9E3 /* Debug */,
				320E256F1B7BC57600E0F9E3 /* Release */,
			);
			defaultConfigurationIsVisible = 0;
			defaultConfigurationName = Release;
		};
/* End XCConfigurationList section */
	};
	rootObject = 320E25431B7BC57500E0F9E3 /* Project object */;
}
